
Microsoft Visual Studio Solution File, Format Version 12.00
# Visual Studio Version 17
VisualStudioVersion = 17.0.31903.59
MinimumVisualStudioVersion = 10.0.40219.1
Project("{2150E333-8FDC-42A3-9474-1A3956D46DE8}") = "src", "src", "{2D7846AA-469E-4916-8362-3079B2F81683}"
EndProject
Project("{2150E333-8FDC-42A3-9474-1A3956D46DE8}") = "Shared", "Shared", "{9A24481D-4518-4FCF-A653-1D867BB08F1F}"
EndProject
Project("{FAE04EC0-301F-11D3-BF4B-00C04F79EFBC}") = "RhSensoERP.Shared.Core", "src\Shared\Core\RhSensoERP.Shared.Core.csproj", "{5C7437B4-1DFA-485E-B2B3-FF4FE7A11673}"
EndProject
Project("{FAE04EC0-301F-11D3-BF4B-00C04F79EFBC}") = "RhSensoERP.Shared.Application", "src\Shared\Application\RhSensoERP.Shared.Application.csproj", "{A7EEEDC8-0E7F-4429-B407-39C64A491331}"
EndProject
Project("{FAE04EC0-301F-11D3-BF4B-00C04F79EFBC}") = "RhSensoERP.Shared.Infrastructure", "src\Shared\Infrastructure\RhSensoERP.Shared.Infrastructure.csproj", "{1FB10046-CC57-4141-A729-A82E14C768CC}"
EndProject
Project("{FAE04EC0-301F-11D3-BF4B-00C04F79EFBC}") = "RhSensoERP.Shared.Contracts", "src\Shared\Contracts\RhSensoERP.Shared.Contracts.csproj", "{470F5017-B6CE-411E-92A6-9C767AC6C9C6}"
EndProject
Project("{2150E333-8FDC-42A3-9474-1A3956D46DE8}") = "Modules", "Modules", "{7B06D0DF-53FC-40AD-9EC3-3F0D80442A76}"
EndProject
Project("{FAE04EC0-301F-11D3-BF4B-00C04F79EFBC}") = "RhSensoERP.Modules.GestaoDePessoas", "src\Modules\GestaoDePessoas\RhSensoERP.Modules.GestaoDePessoas.csproj", "{DC7BE935-4CF2-4681-99CD-556D079365CC}"
EndProject
Project("{FAE04EC0-301F-11D3-BF4B-00C04F79EFBC}") = "RhSensoERP.Modules.ControleDePonto", "src\Modules\ControleDePonto\RhSensoERP.Modules.ControleDePonto.csproj", "{9A112F12-614B-4EC6-B4B3-EB2F51BC9D8C}"
EndProject
Project("{FAE04EC0-301F-11D3-BF4B-00C04F79EFBC}") = "RhSensoERP.Modules.Treinamentos", "src\Modules\Treinamentos\RhSensoERP.Modules.Treinamentos.csproj", "{752236B7-B7FB-4027-B98B-026E24941599}"
EndProject
Project("{FAE04EC0-301F-11D3-BF4B-00C04F79EFBC}") = "RhSensoERP.Modules.SaudeOcupacional", "src\Modules\SaudeOcupacional\RhSensoERP.Modules.SaudeOcupacional.csproj", "{A53BD759-63D4-4F75-8266-58DA3DDD655B}"
EndProject
Project("{FAE04EC0-301F-11D3-BF4B-00C04F79EFBC}") = "RhSensoERP.Modules.Avaliacoes", "src\Modules\Avaliacoes\RhSensoERP.Modules.Avaliacoes.csproj", "{E6914F9D-6BB9-4026-9D69-94A0A2A3FB04}"
EndProject
Project("{FAE04EC0-301F-11D3-BF4B-00C04F79EFBC}") = "RhSensoERP.Identity", "src\Identity\RhSensoERP.Identity.csproj", "{32667535-5F12-4E08-BCF0-4172B153E893}"
EndProject
Project("{FAE04EC0-301F-11D3-BF4B-00C04F79EFBC}") = "RhSensoERP.API", "src\API\RhSensoERP.API.csproj", "{5AEF454C-077E-454D-99D8-22CB01FAD1DB}"
EndProject
Project("{FAE04EC0-301F-11D3-BF4B-00C04F79EFBC}") = "RhSensoERP.Web", "src\Web\RhSensoERP.Web.csproj", "{8AD9236C-8E8C-4577-8D64-758DE710C28F}"
EndProject
Project("{2150E333-8FDC-42A3-9474-1A3956D46DE8}") = "tests", "tests", "{4664210F-C9AD-4D75-858A-EE1468E49B36}"
EndProject
Project("{FAE04EC0-301F-11D3-BF4B-00C04F79EFBC}") = "RhSensoERP.UnitTests", "tests\Unit\RhSensoERP.UnitTests.csproj", "{D4132DFC-E705-420C-90FD-8607176A6A29}"
EndProject
Project("{FAE04EC0-301F-11D3-BF4B-00C04F79EFBC}") = "RhSensoERP.IntegrationTests", "tests\Integration\RhSensoERP.IntegrationTests.csproj", "{7D3B1FCA-CF45-4734-8060-369528832637}"
EndProject
Project("{FAE04EC0-301F-11D3-BF4B-00C04F79EFBC}") = "RhSensoERP.ArchitectureTests", "tests\Architecture\RhSensoERP.ArchitectureTests.csproj", "{DF91B696-1438-4385-A37B-8383A8E58D4B}"
EndProject
Project("{FAE04EC0-301F-11D3-BF4B-00C04F79EFBC}") = "RhSensoERP.E2ETests", "tests\E2E\RhSensoERP.E2ETests.csproj", "{A245BB80-E118-4FBC-B04C-A9DD43E41526}"
EndProject
Global
	GlobalSection(SolutionConfigurationPlatforms) = preSolution
		Debug|Any CPU = Debug|Any CPU
		Release|Any CPU = Release|Any CPU
	EndGlobalSection
	GlobalSection(SolutionProperties) = preSolution
		HideSolutionNode = FALSE
	EndGlobalSection
	GlobalSection(ProjectConfigurationPlatforms) = postSolution
		{5C7437B4-1DFA-485E-B2B3-FF4FE7A11673}.Debug|Any CPU.ActiveCfg = Debug|Any CPU
		{5C7437B4-1DFA-485E-B2B3-FF4FE7A11673}.Debug|Any CPU.Build.0 = Debug|Any CPU
		{5C7437B4-1DFA-485E-B2B3-FF4FE7A11673}.Release|Any CPU.ActiveCfg = Release|Any CPU
		{5C7437B4-1DFA-485E-B2B3-FF4FE7A11673}.Release|Any CPU.Build.0 = Release|Any CPU
		{A7EEEDC8-0E7F-4429-B407-39C64A491331}.Debug|Any CPU.ActiveCfg = Debug|Any CPU
		{A7EEEDC8-0E7F-4429-B407-39C64A491331}.Debug|Any CPU.Build.0 = Debug|Any CPU
		{A7EEEDC8-0E7F-4429-B407-39C64A491331}.Release|Any CPU.ActiveCfg = Release|Any CPU
		{A7EEEDC8-0E7F-4429-B407-39C64A491331}.Release|Any CPU.Build.0 = Release|Any CPU
		{1FB10046-CC57-4141-A729-A82E14C768CC}.Debug|Any CPU.ActiveCfg = Debug|Any CPU
		{1FB10046-CC57-4141-A729-A82E14C768CC}.Debug|Any CPU.Build.0 = Debug|Any CPU
		{1FB10046-CC57-4141-A729-A82E14C768CC}.Release|Any CPU.ActiveCfg = Release|Any CPU
		{1FB10046-CC57-4141-A729-A82E14C768CC}.Release|Any CPU.Build.0 = Release|Any CPU
		{470F5017-B6CE-411E-92A6-9C767AC6C9C6}.Debug|Any CPU.ActiveCfg = Debug|Any CPU
		{470F5017-B6CE-411E-92A6-9C767AC6C9C6}.Debug|Any CPU.Build.0 = Debug|Any CPU
		{470F5017-B6CE-411E-92A6-9C767AC6C9C6}.Release|Any CPU.ActiveCfg = Release|Any CPU
		{470F5017-B6CE-411E-92A6-9C767AC6C9C6}.Release|Any CPU.Build.0 = Release|Any CPU
		{DC7BE935-4CF2-4681-99CD-556D079365CC}.Debug|Any CPU.ActiveCfg = Debug|Any CPU
		{DC7BE935-4CF2-4681-99CD-556D079365CC}.Debug|Any CPU.Build.0 = Debug|Any CPU
		{DC7BE935-4CF2-4681-99CD-556D079365CC}.Release|Any CPU.ActiveCfg = Release|Any CPU
		{DC7BE935-4CF2-4681-99CD-556D079365CC}.Release|Any CPU.Build.0 = Release|Any CPU
		{9A112F12-614B-4EC6-B4B3-EB2F51BC9D8C}.Debug|Any CPU.ActiveCfg = Debug|Any CPU
		{9A112F12-614B-4EC6-B4B3-EB2F51BC9D8C}.Debug|Any CPU.Build.0 = Debug|Any CPU
		{9A112F12-614B-4EC6-B4B3-EB2F51BC9D8C}.Release|Any CPU.ActiveCfg = Release|Any CPU
		{9A112F12-614B-4EC6-B4B3-EB2F51BC9D8C}.Release|Any CPU.Build.0 = Release|Any CPU
		{752236B7-B7FB-4027-B98B-026E24941599}.Debug|Any CPU.ActiveCfg = Debug|Any CPU
		{752236B7-B7FB-4027-B98B-026E24941599}.Debug|Any CPU.Build.0 = Debug|Any CPU
		{752236B7-B7FB-4027-B98B-026E24941599}.Release|Any CPU.ActiveCfg = Release|Any CPU
		{752236B7-B7FB-4027-B98B-026E24941599}.Release|Any CPU.Build.0 = Release|Any CPU
		{A53BD759-63D4-4F75-8266-58DA3DDD655B}.Debug|Any CPU.ActiveCfg = Debug|Any CPU
		{A53BD759-63D4-4F75-8266-58DA3DDD655B}.Debug|Any CPU.Build.0 = Debug|Any CPU
		{A53BD759-63D4-4F75-8266-58DA3DDD655B}.Release|Any CPU.ActiveCfg = Release|Any CPU
		{A53BD759-63D4-4F75-8266-58DA3DDD655B}.Release|Any CPU.Build.0 = Release|Any CPU
		{E6914F9D-6BB9-4026-9D69-94A0A2A3FB04}.Debug|Any CPU.ActiveCfg = Debug|Any CPU
		{E6914F9D-6BB9-4026-9D69-94A0A2A3FB04}.Debug|Any CPU.Build.0 = Debug|Any CPU
		{E6914F9D-6BB9-4026-9D69-94A0A2A3FB04}.Release|Any CPU.ActiveCfg = Release|Any CPU
		{E6914F9D-6BB9-4026-9D69-94A0A2A3FB04}.Release|Any CPU.Build.0 = Release|Any CPU
		{32667535-5F12-4E08-BCF0-4172B153E893}.Debug|Any CPU.ActiveCfg = Debug|Any CPU
		{32667535-5F12-4E08-BCF0-4172B153E893}.Debug|Any CPU.Build.0 = Debug|Any CPU
		{32667535-5F12-4E08-BCF0-4172B153E893}.Release|Any CPU.ActiveCfg = Release|Any CPU
		{32667535-5F12-4E08-BCF0-4172B153E893}.Release|Any CPU.Build.0 = Release|Any CPU
		{5AEF454C-077E-454D-99D8-22CB01FAD1DB}.Debug|Any CPU.ActiveCfg = Debug|Any CPU
		{5AEF454C-077E-454D-99D8-22CB01FAD1DB}.Debug|Any CPU.Build.0 = Debug|Any CPU
		{5AEF454C-077E-454D-99D8-22CB01FAD1DB}.Release|Any CPU.ActiveCfg = Release|Any CPU
		{5AEF454C-077E-454D-99D8-22CB01FAD1DB}.Release|Any CPU.Build.0 = Release|Any CPU
		{8AD9236C-8E8C-4577-8D64-758DE710C28F}.Debug|Any CPU.ActiveCfg = Debug|Any CPU
		{8AD9236C-8E8C-4577-8D64-758DE710C28F}.Debug|Any CPU.Build.0 = Debug|Any CPU
		{8AD9236C-8E8C-4577-8D64-758DE710C28F}.Release|Any CPU.ActiveCfg = Release|Any CPU
		{8AD9236C-8E8C-4577-8D64-758DE710C28F}.Release|Any CPU.Build.0 = Release|Any CPU
		{D4132DFC-E705-420C-90FD-8607176A6A29}.Debug|Any CPU.ActiveCfg = Debug|Any CPU
		{D4132DFC-E705-420C-90FD-8607176A6A29}.Debug|Any CPU.Build.0 = Debug|Any CPU
		{D4132DFC-E705-420C-90FD-8607176A6A29}.Release|Any CPU.ActiveCfg = Release|Any CPU
		{D4132DFC-E705-420C-90FD-8607176A6A29}.Release|Any CPU.Build.0 = Release|Any CPU
		{7D3B1FCA-CF45-4734-8060-369528832637}.Debug|Any CPU.ActiveCfg = Debug|Any CPU
		{7D3B1FCA-CF45-4734-8060-369528832637}.Debug|Any CPU.Build.0 = Debug|Any CPU
		{7D3B1FCA-CF45-4734-8060-369528832637}.Release|Any CPU.ActiveCfg = Release|Any CPU
		{7D3B1FCA-CF45-4734-8060-369528832637}.Release|Any CPU.Build.0 = Release|Any CPU
		{DF91B696-1438-4385-A37B-8383A8E58D4B}.Debug|Any CPU.ActiveCfg = Debug|Any CPU
		{DF91B696-1438-4385-A37B-8383A8E58D4B}.Debug|Any CPU.Build.0 = Debug|Any CPU
		{DF91B696-1438-4385-A37B-8383A8E58D4B}.Release|Any CPU.ActiveCfg = Release|Any CPU
		{DF91B696-1438-4385-A37B-8383A8E58D4B}.Release|Any CPU.Build.0 = Release|Any CPU
		{A245BB80-E118-4FBC-B04C-A9DD43E41526}.Debug|Any CPU.ActiveCfg = Debug|Any CPU
		{A245BB80-E118-4FBC-B04C-A9DD43E41526}.Debug|Any CPU.Build.0 = Debug|Any CPU
		{A245BB80-E118-4FBC-B04C-A9DD43E41526}.Release|Any CPU.ActiveCfg = Release|Any CPU
		{A245BB80-E118-4FBC-B04C-A9DD43E41526}.Release|Any CPU.Build.0 = Release|Any CPU
	EndGlobalSection
	GlobalSection(NestedProjects) = preSolution
		{9A24481D-4518-4FCF-A653-1D867BB08F1F} = {2D7846AA-469E-4916-8362-3079B2F81683}
		{5C7437B4-1DFA-485E-B2B3-FF4FE7A11673} = {9A24481D-4518-4FCF-A653-1D867BB08F1F}
		{A7EEEDC8-0E7F-4429-B407-39C64A491331} = {9A24481D-4518-4FCF-A653-1D867BB08F1F}
		{1FB10046-CC57-4141-A729-A82E14C768CC} = {9A24481D-4518-4FCF-A653-1D867BB08F1F}
		{470F5017-B6CE-411E-92A6-9C767AC6C9C6} = {9A24481D-4518-4FCF-A653-1D867BB08F1F}
		{7B06D0DF-53FC-40AD-9EC3-3F0D80442A76} = {2D7846AA-469E-4916-8362-3079B2F81683}
		{DC7BE935-4CF2-4681-99CD-556D079365CC} = {7B06D0DF-53FC-40AD-9EC3-3F0D80442A76}
		{9A112F12-614B-4EC6-B4B3-EB2F51BC9D8C} = {7B06D0DF-53FC-40AD-9EC3-3F0D80442A76}
		{752236B7-B7FB-4027-B98B-026E24941599} = {7B06D0DF-53FC-40AD-9EC3-3F0D80442A76}
		{A53BD759-63D4-4F75-8266-58DA3DDD655B} = {7B06D0DF-53FC-40AD-9EC3-3F0D80442A76}
		{E6914F9D-6BB9-4026-9D69-94A0A2A3FB04} = {7B06D0DF-53FC-40AD-9EC3-3F0D80442A76}
		{32667535-5F12-4E08-BCF0-4172B153E893} = {2D7846AA-469E-4916-8362-3079B2F81683}
		{5AEF454C-077E-454D-99D8-22CB01FAD1DB} = {2D7846AA-469E-4916-8362-3079B2F81683}
		{8AD9236C-8E8C-4577-8D64-758DE710C28F} = {2D7846AA-469E-4916-8362-3079B2F81683}
		{D4132DFC-E705-420C-90FD-8607176A6A29} = {4664210F-C9AD-4D75-858A-EE1468E49B36}
		{7D3B1FCA-CF45-4734-8060-369528832637} = {4664210F-C9AD-4D75-858A-EE1468E49B36}
		{DF91B696-1438-4385-A37B-8383A8E58D4B} = {4664210F-C9AD-4D75-858A-EE1468E49B36}
		{A245BB80-E118-4FBC-B04C-A9DD43E41526} = {4664210F-C9AD-4D75-858A-EE1468E49B36}
	EndGlobalSection
EndGlobal
