
Microsoft Visual Studio Solution File, Format Version 12.00
# Visual Studio Version 17
VisualStudioVersion = 17.0.31903.59
MinimumVisualStudioVersion = 10.0.40219.1
Project("{2150E333-8FDC-42A3-9474-1A3956D46DE8}") = "src", "src", "{2BC01492-AC0D-45E8-831C-3D47FD853532}"
EndProject
Project("{2150E333-8FDC-42A3-9474-1A3956D46DE8}") = "Shared", "Shared", "{B7BFEB8C-F0B4-43CD-83A7-754F9A0F00DE}"
EndProject
Project("{FAE04EC0-301F-11D3-BF4B-00C04F79EFBC}") = "RhSensoERP.Shared.Core", "src\Shared\Core\RhSensoERP.Shared.Core.csproj", "{75213C3F-6261-4890-8A3B-C4AA7DA6F4A3}"
EndProject
Project("{FAE04EC0-301F-11D3-BF4B-00C04F79EFBC}") = "RhSensoERP.Shared.Application", "src\Shared\Application\RhSensoERP.Shared.Application.csproj", "{BD3F1505-8C94-4926-9F88-B0B76F12F0D2}"
EndProject
Project("{FAE04EC0-301F-11D3-BF4B-00C04F79EFBC}") = "RhSensoERP.Shared.Infrastructure", "src\Shared\Infrastructure\RhSensoERP.Shared.Infrastructure.csproj", "{0AD80197-F6DA-45CD-B112-86D1FAD25C5B}"
EndProject
Project("{FAE04EC0-301F-11D3-BF4B-00C04F79EFBC}") = "RhSensoERP.Shared.Contracts", "src\Shared\Contracts\RhSensoERP.Shared.Contracts.csproj", "{43D60451-0D11-429F-A4A9-8F529E4230BD}"
EndProject
Project("{2150E333-8FDC-42A3-9474-1A3956D46DE8}") = "Modules", "Modules", "{6286E979-67F7-40B5-9083-EDB29E17EB14}"
EndProject
Project("{FAE04EC0-301F-11D3-BF4B-00C04F79EFBC}") = "RhSensoERP.Identity", "src\Identity\RhSensoERP.Identity.csproj", "{D561A620-BF15-465A-B5E0-353552878EAB}"
EndProject
Project("{FAE04EC0-301F-11D3-BF4B-00C04F79EFBC}") = "RhSensoERP.API", "src\API\RhSensoERP.API.csproj", "{ED3C3A3B-1AC9-47A9-BED6-B5F53C466B60}"
EndProject
Project("{FAE04EC0-301F-11D3-BF4B-00C04F79EFBC}") = "RhSensoERP.Web", "src\Web\RhSensoERP.Web.csproj", "{46F7FBA2-1D08-48DE-9748-DCB682A33672}"
EndProject
Project("{2150E333-8FDC-42A3-9474-1A3956D46DE8}") = "tests", "tests", "{E22A7C6E-3B3B-4B58-94B7-29E6AF5D5C19}"
EndProject
Project("{FAE04EC0-301F-11D3-BF4B-00C04F79EFBC}") = "RhSensoERP.UnitTests", "tests\Unit\RhSensoERP.UnitTests.csproj", "{4EFD879D-9C16-487D-A052-AF4C7D6DF415}"
EndProject
Project("{FAE04EC0-301F-11D3-BF4B-00C04F79EFBC}") = "RhSensoERP.IntegrationTests", "tests\Integration\RhSensoERP.IntegrationTests.csproj", "{52E0A3AB-8AD8-4B90-A592-D21E1E18A1E2}"
EndProject
Project("{FAE04EC0-301F-11D3-BF4B-00C04F79EFBC}") = "RhSensoERP.ArchitectureTests", "tests\Architecture\RhSensoERP.ArchitectureTests.csproj", "{25C3E3B1-D3DB-40DD-BC4D-B79FEA97FB4F}"
EndProject
Project("{FAE04EC0-301F-11D3-BF4B-00C04F79EFBC}") = "RhSensoERP.E2ETests", "tests\E2E\RhSensoERP.E2ETests.csproj", "{352FBA30-D83C-40E3-8061-A1966F1CE5A8}"
EndProject
Project("{FAE04EC0-301F-11D3-BF4B-00C04F79EFBC}") = "RhSensoERP.Generators", "src\Generators\RhSensoERP.Generators.csproj", "{4D5ECF6B-548A-406A-B5AE-2D32A0DED883}"
EndProject
Project("{FAE04EC0-301F-11D3-BF4B-00C04F79EFBC}") = "GeradorFullStack", "src\GeradorEntidades\GeradorFullStack.csproj", "{45B1ABF7-D1A8-2112-61F9-2ECA59A87C76}"
EndProject
Project("{FAE04EC0-301F-11D3-BF4B-00C04F79EFBC}") = "RhSensoERP.Modules.AdministracaoPessoal", "src\Modules\AdministracaoPessoal\RhSensoERP.Modules.AdministracaoPessoal.csproj", "{D38370A7-FA76-C66B-2F62-BE1B15AD5339}"
EndProject
Project("{FAE04EC0-301F-11D3-BF4B-00C04F79EFBC}") = "RhSensoERP.Modules.CargosSalariosRemuneracao", "src\Modules\CargosSalariosRemuneracao\RhSensoERP.Modules.CargosSalariosRemuneracao.csproj", "{EFE10BCA-B3CE-83CE-0E9D-8F5F8165A09C}"
EndProject
Project("{FAE04EC0-301F-11D3-BF4B-00C04F79EFBC}") = "RhSensoERP.Modules.ComplianceTrabalhistaJuridico", "src\Modules\ComplianceTrabalhistaJuridico\RhSensoERP.Modules.ComplianceTrabalhistaJuridico.csproj", "{35580080-E811-5A8D-584E-FF2A82152FE6}"
EndProject
Project("{FAE04EC0-301F-11D3-BF4B-00C04F79EFBC}") = "RhSensoERP.Modules.FolhaPagamentoEncargos", "src\Modules\FolhaPagamentoEncargos\RhSensoERP.Modules.FolhaPagamentoEncargos.csproj", "{989FE996-C41F-ECE5-4B71-1C2AF8D693E3}"
EndProject
Project("{FAE04EC0-301F-11D3-BF4B-00C04F79EFBC}") = "RhSensoERP.Modules.GestaoBeneficios", "src\Modules\GestaoBeneficios\RhSensoERP.Modules.GestaoBeneficios.csproj", "{BF800FE8-7A6C-C88E-765D-101529E563D5}"
EndProject
Project("{FAE04EC0-301F-11D3-BF4B-00C04F79EFBC}") = "RhSensoERP.Modules.GestaoJornadaPonto", "src\Modules\GestaoJornadaPonto\RhSensoERP.Modules.GestaoJornadaPonto.csproj", "{9C5ACC9A-80B4-4023-FE81-E02E5E06F896}"
EndProject
Project("{FAE04EC0-301F-11D3-BF4B-00C04F79EFBC}") = "RhSensoERP.Modules.GestaoPortariaAcesso", "src\Modules\GestaoPortariaAcesso\RhSensoERP.Modules.GestaoPortariaAcesso.csproj", "{6DC24955-1D5C-52C7-0C1F-68163BB72F3D}"
EndProject
Project("{FAE04EC0-301F-11D3-BF4B-00C04F79EFBC}") = "RhSensoERP.Modules.GestaoTalentosDesempenho", "src\Modules\GestaoTalentosDesempenho\RhSensoERP.Modules.GestaoTalentosDesempenho.csproj", "{37C4DCA9-079F-D04D-3279-7268C43C8D8E}"
EndProject
Project("{FAE04EC0-301F-11D3-BF4B-00C04F79EFBC}") = "RhSensoERP.Modules.GestaoTerceirosPrestadores", "src\Modules\GestaoTerceirosPrestadores\RhSensoERP.Modules.GestaoTerceirosPrestadores.csproj", "{4596F1A5-0214-72D4-F532-D5EFF0DCD6D5}"
EndProject
Project("{FAE04EC0-301F-11D3-BF4B-00C04F79EFBC}") = "RhSensoERP.Modules.IntegracoesMensageria", "src\Modules\IntegracoesMensageria\RhSensoERP.Modules.IntegracoesMensageria.csproj", "{88F8BCEC-68FA-F67B-890E-DCC79F737303}"
EndProject
Project("{FAE04EC0-301F-11D3-BF4B-00C04F79EFBC}") = "RhSensoERP.Modules.PeopleAnalyticsBI", "src\Modules\PeopleAnalyticsBI\RhSensoERP.Modules.PeopleAnalyticsBI.csproj", "{B0426C25-E147-D806-9A6C-3322E4966E68}"
EndProject
Project("{FAE04EC0-301F-11D3-BF4B-00C04F79EFBC}") = "RhSensoERP.Modules.PortalColaborador", "src\Modules\PortalColaborador\RhSensoERP.Modules.PortalColaborador.csproj", "{7D55B759-2716-4135-59ED-B90FB4086948}"
EndProject
Project("{FAE04EC0-301F-11D3-BF4B-00C04F79EFBC}") = "RhSensoERP.Modules.RecrutamentoSelecao", "src\Modules\RecrutamentoSelecao\RhSensoERP.Modules.RecrutamentoSelecao.csproj", "{FCF645DF-81F5-4336-5C1F-D5506B46F316}"
EndProject
Project("{FAE04EC0-301F-11D3-BF4B-00C04F79EFBC}") = "RhSensoERP.Modules.SaudeSegurancaTrabalho", "src\Modules\SaudeSegurancaTrabalho\RhSensoERP.Modules.SaudeSegurancaTrabalho.csproj", "{F947A8C0-4357-C418-F3C8-9717328F01B7}"
EndProject
Project("{FAE04EC0-301F-11D3-BF4B-00C04F79EFBC}") = "RhSensoERP.Modules.TreinamentoDesenvolvimento", "src\Modules\TreinamentoDesenvolvimento\RhSensoERP.Modules.TreinamentoDesenvolvimento.csproj", "{0AB0F671-179E-B6F2-364F-BD332BAC264C}"
EndProject
Project("{FAE04EC0-301F-11D3-BF4B-00C04F79EFBC}") = "RhSensoERP.Modules.ViagensDespesas", "src\Modules\ViagensDespesas\RhSensoERP.Modules.ViagensDespesas.csproj", "{301B9D6B-896B-16E9-5E46-2E766B910910}"
EndProject
Project("{FAE04EC0-301F-11D3-BF4B-00C04F79EFBC}") = "RhSensoERP.Modules.GestaoDocumental", "src\Modules\GestaoDocumental\RhSensoERP.Modules.GestaoDocumental.csproj", "{C77E5D9E-922F-CFBF-73AC-745B57BACEDD}"
EndProject
Project("{FAE04EC0-301F-11D3-BF4B-00C04F79EFBC}") = "RhSensoERP.Modules.MultiTenant", "src\Modules\MultiTenant\RhSensoERP.Modules.MultiTenant.csproj", "{45D5F587-AB35-5249-7276-E0444DE73CDF}"
EndProject
Global
	GlobalSection(SolutionConfigurationPlatforms) = preSolution
		Debug|Any CPU = Debug|Any CPU
		Release|Any CPU = Release|Any CPU
	EndGlobalSection
	GlobalSection(ProjectConfigurationPlatforms) = postSolution
		{75213C3F-6261-4890-8A3B-C4AA7DA6F4A3}.Debug|Any CPU.ActiveCfg = Debug|Any CPU
		{75213C3F-6261-4890-8A3B-C4AA7DA6F4A3}.Debug|Any CPU.Build.0 = Debug|Any CPU
		{75213C3F-6261-4890-8A3B-C4AA7DA6F4A3}.Release|Any CPU.ActiveCfg = Release|Any CPU
		{75213C3F-6261-4890-8A3B-C4AA7DA6F4A3}.Release|Any CPU.Build.0 = Release|Any CPU
		{BD3F1505-8C94-4926-9F88-B0B76F12F0D2}.Debug|Any CPU.ActiveCfg = Debug|Any CPU
		{BD3F1505-8C94-4926-9F88-B0B76F12F0D2}.Debug|Any CPU.Build.0 = Debug|Any CPU
		{BD3F1505-8C94-4926-9F88-B0B76F12F0D2}.Release|Any CPU.ActiveCfg = Release|Any CPU
		{BD3F1505-8C94-4926-9F88-B0B76F12F0D2}.Release|Any CPU.Build.0 = Release|Any CPU
		{0AD80197-F6DA-45CD-B112-86D1FAD25C5B}.Debug|Any CPU.ActiveCfg = Debug|Any CPU
		{0AD80197-F6DA-45CD-B112-86D1FAD25C5B}.Debug|Any CPU.Build.0 = Debug|Any CPU
		{0AD80197-F6DA-45CD-B112-86D1FAD25C5B}.Release|Any CPU.ActiveCfg = Release|Any CPU
		{0AD80197-F6DA-45CD-B112-86D1FAD25C5B}.Release|Any CPU.Build.0 = Release|Any CPU
		{43D60451-0D11-429F-A4A9-8F529E4230BD}.Debug|Any CPU.ActiveCfg = Debug|Any CPU
		{43D60451-0D11-429F-A4A9-8F529E4230BD}.Debug|Any CPU.Build.0 = Debug|Any CPU
		{43D60451-0D11-429F-A4A9-8F529E4230BD}.Release|Any CPU.ActiveCfg = Release|Any CPU
		{43D60451-0D11-429F-A4A9-8F529E4230BD}.Release|Any CPU.Build.0 = Release|Any CPU
		{D561A620-BF15-465A-B5E0-353552878EAB}.Debug|Any CPU.ActiveCfg = Debug|Any CPU
		{D561A620-BF15-465A-B5E0-353552878EAB}.Debug|Any CPU.Build.0 = Debug|Any CPU
		{D561A620-BF15-465A-B5E0-353552878EAB}.Release|Any CPU.ActiveCfg = Release|Any CPU
		{D561A620-BF15-465A-B5E0-353552878EAB}.Release|Any CPU.Build.0 = Release|Any CPU
		{ED3C3A3B-1AC9-47A9-BED6-B5F53C466B60}.Debug|Any CPU.ActiveCfg = Debug|Any CPU
		{ED3C3A3B-1AC9-47A9-BED6-B5F53C466B60}.Debug|Any CPU.Build.0 = Debug|Any CPU
		{ED3C3A3B-1AC9-47A9-BED6-B5F53C466B60}.Release|Any CPU.ActiveCfg = Release|Any CPU
		{ED3C3A3B-1AC9-47A9-BED6-B5F53C466B60}.Release|Any CPU.Build.0 = Release|Any CPU
		{46F7FBA2-1D08-48DE-9748-DCB682A33672}.Debug|Any CPU.ActiveCfg = Debug|Any CPU
		{46F7FBA2-1D08-48DE-9748-DCB682A33672}.Debug|Any CPU.Build.0 = Debug|Any CPU
		{46F7FBA2-1D08-48DE-9748-DCB682A33672}.Release|Any CPU.ActiveCfg = Release|Any CPU
		{46F7FBA2-1D08-48DE-9748-DCB682A33672}.Release|Any CPU.Build.0 = Release|Any CPU
		{4EFD879D-9C16-487D-A052-AF4C7D6DF415}.Debug|Any CPU.ActiveCfg = Debug|Any CPU
		{4EFD879D-9C16-487D-A052-AF4C7D6DF415}.Debug|Any CPU.Build.0 = Debug|Any CPU
		{4EFD879D-9C16-487D-A052-AF4C7D6DF415}.Release|Any CPU.ActiveCfg = Release|Any CPU
		{4EFD879D-9C16-487D-A052-AF4C7D6DF415}.Release|Any CPU.Build.0 = Release|Any CPU
		{52E0A3AB-8AD8-4B90-A592-D21E1E18A1E2}.Debug|Any CPU.ActiveCfg = Debug|Any CPU
		{52E0A3AB-8AD8-4B90-A592-D21E1E18A1E2}.Debug|Any CPU.Build.0 = Debug|Any CPU
		{52E0A3AB-8AD8-4B90-A592-D21E1E18A1E2}.Release|Any CPU.ActiveCfg = Release|Any CPU
		{52E0A3AB-8AD8-4B90-A592-D21E1E18A1E2}.Release|Any CPU.Build.0 = Release|Any CPU
		{25C3E3B1-D3DB-40DD-BC4D-B79FEA97FB4F}.Debug|Any CPU.ActiveCfg = Debug|Any CPU
		{25C3E3B1-D3DB-40DD-BC4D-B79FEA97FB4F}.Debug|Any CPU.Build.0 = Debug|Any CPU
		{25C3E3B1-D3DB-40DD-BC4D-B79FEA97FB4F}.Release|Any CPU.ActiveCfg = Release|Any CPU
		{25C3E3B1-D3DB-40DD-BC4D-B79FEA97FB4F}.Release|Any CPU.Build.0 = Release|Any CPU
		{352FBA30-D83C-40E3-8061-A1966F1CE5A8}.Debug|Any CPU.ActiveCfg = Debug|Any CPU
		{352FBA30-D83C-40E3-8061-A1966F1CE5A8}.Debug|Any CPU.Build.0 = Debug|Any CPU
		{352FBA30-D83C-40E3-8061-A1966F1CE5A8}.Release|Any CPU.ActiveCfg = Release|Any CPU
		{352FBA30-D83C-40E3-8061-A1966F1CE5A8}.Release|Any CPU.Build.0 = Release|Any CPU
		{4D5ECF6B-548A-406A-B5AE-2D32A0DED883}.Debug|Any CPU.ActiveCfg = Debug|Any CPU
		{4D5ECF6B-548A-406A-B5AE-2D32A0DED883}.Debug|Any CPU.Build.0 = Debug|Any CPU
		{4D5ECF6B-548A-406A-B5AE-2D32A0DED883}.Release|Any CPU.ActiveCfg = Release|Any CPU
		{4D5ECF6B-548A-406A-B5AE-2D32A0DED883}.Release|Any CPU.Build.0 = Release|Any CPU
		{45B1ABF7-D1A8-2112-61F9-2ECA59A87C76}.Debug|Any CPU.ActiveCfg = Debug|Any CPU
		{45B1ABF7-D1A8-2112-61F9-2ECA59A87C76}.Debug|Any CPU.Build.0 = Debug|Any CPU
		{45B1ABF7-D1A8-2112-61F9-2ECA59A87C76}.Release|Any CPU.ActiveCfg = Release|Any CPU
		{45B1ABF7-D1A8-2112-61F9-2ECA59A87C76}.Release|Any CPU.Build.0 = Release|Any CPU
		{D38370A7-FA76-C66B-2F62-BE1B15AD5339}.Debug|Any CPU.ActiveCfg = Debug|Any CPU
		{D38370A7-FA76-C66B-2F62-BE1B15AD5339}.Debug|Any CPU.Build.0 = Debug|Any CPU
		{D38370A7-FA76-C66B-2F62-BE1B15AD5339}.Release|Any CPU.ActiveCfg = Release|Any CPU
		{D38370A7-FA76-C66B-2F62-BE1B15AD5339}.Release|Any CPU.Build.0 = Release|Any CPU
		{EFE10BCA-B3CE-83CE-0E9D-8F5F8165A09C}.Debug|Any CPU.ActiveCfg = Debug|Any CPU
		{EFE10BCA-B3CE-83CE-0E9D-8F5F8165A09C}.Debug|Any CPU.Build.0 = Debug|Any CPU
		{EFE10BCA-B3CE-83CE-0E9D-8F5F8165A09C}.Release|Any CPU.ActiveCfg = Release|Any CPU
		{EFE10BCA-B3CE-83CE-0E9D-8F5F8165A09C}.Release|Any CPU.Build.0 = Release|Any CPU
		{35580080-E811-5A8D-584E-FF2A82152FE6}.Debug|Any CPU.ActiveCfg = Debug|Any CPU
		{35580080-E811-5A8D-584E-FF2A82152FE6}.Debug|Any CPU.Build.0 = Debug|Any CPU
		{35580080-E811-5A8D-584E-FF2A82152FE6}.Release|Any CPU.ActiveCfg = Release|Any CPU
		{35580080-E811-5A8D-584E-FF2A82152FE6}.Release|Any CPU.Build.0 = Release|Any CPU
		{989FE996-C41F-ECE5-4B71-1C2AF8D693E3}.Debug|Any CPU.ActiveCfg = Debug|Any CPU
		{989FE996-C41F-ECE5-4B71-1C2AF8D693E3}.Debug|Any CPU.Build.0 = Debug|Any CPU
		{989FE996-C41F-ECE5-4B71-1C2AF8D693E3}.Release|Any CPU.ActiveCfg = Release|Any CPU
		{989FE996-C41F-ECE5-4B71-1C2AF8D693E3}.Release|Any CPU.Build.0 = Release|Any CPU
		{BF800FE8-7A6C-C88E-765D-101529E563D5}.Debug|Any CPU.ActiveCfg = Debug|Any CPU
		{BF800FE8-7A6C-C88E-765D-101529E563D5}.Debug|Any CPU.Build.0 = Debug|Any CPU
		{BF800FE8-7A6C-C88E-765D-101529E563D5}.Release|Any CPU.ActiveCfg = Release|Any CPU
		{BF800FE8-7A6C-C88E-765D-101529E563D5}.Release|Any CPU.Build.0 = Release|Any CPU
		{9C5ACC9A-80B4-4023-FE81-E02E5E06F896}.Debug|Any CPU.ActiveCfg = Debug|Any CPU
		{9C5ACC9A-80B4-4023-FE81-E02E5E06F896}.Debug|Any CPU.Build.0 = Debug|Any CPU
		{9C5ACC9A-80B4-4023-FE81-E02E5E06F896}.Release|Any CPU.ActiveCfg = Release|Any CPU
		{9C5ACC9A-80B4-4023-FE81-E02E5E06F896}.Release|Any CPU.Build.0 = Release|Any CPU
		{6DC24955-1D5C-52C7-0C1F-68163BB72F3D}.Debug|Any CPU.ActiveCfg = Debug|Any CPU
		{6DC24955-1D5C-52C7-0C1F-68163BB72F3D}.Debug|Any CPU.Build.0 = Debug|Any CPU
		{6DC24955-1D5C-52C7-0C1F-68163BB72F3D}.Release|Any CPU.ActiveCfg = Release|Any CPU
		{6DC24955-1D5C-52C7-0C1F-68163BB72F3D}.Release|Any CPU.Build.0 = Release|Any CPU
		{37C4DCA9-079F-D04D-3279-7268C43C8D8E}.Debug|Any CPU.ActiveCfg = Debug|Any CPU
		{37C4DCA9-079F-D04D-3279-7268C43C8D8E}.Debug|Any CPU.Build.0 = Debug|Any CPU
		{37C4DCA9-079F-D04D-3279-7268C43C8D8E}.Release|Any CPU.ActiveCfg = Release|Any CPU
		{37C4DCA9-079F-D04D-3279-7268C43C8D8E}.Release|Any CPU.Build.0 = Release|Any CPU
		{4596F1A5-0214-72D4-F532-D5EFF0DCD6D5}.Debug|Any CPU.ActiveCfg = Debug|Any CPU
		{4596F1A5-0214-72D4-F532-D5EFF0DCD6D5}.Debug|Any CPU.Build.0 = Debug|Any CPU
		{4596F1A5-0214-72D4-F532-D5EFF0DCD6D5}.Release|Any CPU.ActiveCfg = Release|Any CPU
		{4596F1A5-0214-72D4-F532-D5EFF0DCD6D5}.Release|Any CPU.Build.0 = Release|Any CPU
		{88F8BCEC-68FA-F67B-890E-DCC79F737303}.Debug|Any CPU.ActiveCfg = Debug|Any CPU
		{88F8BCEC-68FA-F67B-890E-DCC79F737303}.Debug|Any CPU.Build.0 = Debug|Any CPU
		{88F8BCEC-68FA-F67B-890E-DCC79F737303}.Release|Any CPU.ActiveCfg = Release|Any CPU
		{88F8BCEC-68FA-F67B-890E-DCC79F737303}.Release|Any CPU.Build.0 = Release|Any CPU
		{B0426C25-E147-D806-9A6C-3322E4966E68}.Debug|Any CPU.ActiveCfg = Debug|Any CPU
		{B0426C25-E147-D806-9A6C-3322E4966E68}.Debug|Any CPU.Build.0 = Debug|Any CPU
		{B0426C25-E147-D806-9A6C-3322E4966E68}.Release|Any CPU.ActiveCfg = Release|Any CPU
		{B0426C25-E147-D806-9A6C-3322E4966E68}.Release|Any CPU.Build.0 = Release|Any CPU
		{7D55B759-2716-4135-59ED-B90FB4086948}.Debug|Any CPU.ActiveCfg = Debug|Any CPU
		{7D55B759-2716-4135-59ED-B90FB4086948}.Debug|Any CPU.Build.0 = Debug|Any CPU
		{7D55B759-2716-4135-59ED-B90FB4086948}.Release|Any CPU.ActiveCfg = Release|Any CPU
		{7D55B759-2716-4135-59ED-B90FB4086948}.Release|Any CPU.Build.0 = Release|Any CPU
		{FCF645DF-81F5-4336-5C1F-D5506B46F316}.Debug|Any CPU.ActiveCfg = Debug|Any CPU
		{FCF645DF-81F5-4336-5C1F-D5506B46F316}.Debug|Any CPU.Build.0 = Debug|Any CPU
		{FCF645DF-81F5-4336-5C1F-D5506B46F316}.Release|Any CPU.ActiveCfg = Release|Any CPU
		{FCF645DF-81F5-4336-5C1F-D5506B46F316}.Release|Any CPU.Build.0 = Release|Any CPU
		{F947A8C0-4357-C418-F3C8-9717328F01B7}.Debug|Any CPU.ActiveCfg = Debug|Any CPU
		{F947A8C0-4357-C418-F3C8-9717328F01B7}.Debug|Any CPU.Build.0 = Debug|Any CPU
		{F947A8C0-4357-C418-F3C8-9717328F01B7}.Release|Any CPU.ActiveCfg = Release|Any CPU
		{F947A8C0-4357-C418-F3C8-9717328F01B7}.Release|Any CPU.Build.0 = Release|Any CPU
		{0AB0F671-179E-B6F2-364F-BD332BAC264C}.Debug|Any CPU.ActiveCfg = Debug|Any CPU
		{0AB0F671-179E-B6F2-364F-BD332BAC264C}.Debug|Any CPU.Build.0 = Debug|Any CPU
		{0AB0F671-179E-B6F2-364F-BD332BAC264C}.Release|Any CPU.ActiveCfg = Release|Any CPU
		{0AB0F671-179E-B6F2-364F-BD332BAC264C}.Release|Any CPU.Build.0 = Release|Any CPU
		{301B9D6B-896B-16E9-5E46-2E766B910910}.Debug|Any CPU.ActiveCfg = Debug|Any CPU
		{301B9D6B-896B-16E9-5E46-2E766B910910}.Debug|Any CPU.Build.0 = Debug|Any CPU
		{301B9D6B-896B-16E9-5E46-2E766B910910}.Release|Any CPU.ActiveCfg = Release|Any CPU
		{301B9D6B-896B-16E9-5E46-2E766B910910}.Release|Any CPU.Build.0 = Release|Any CPU
		{C77E5D9E-922F-CFBF-73AC-745B57BACEDD}.Debug|Any CPU.ActiveCfg = Debug|Any CPU
		{C77E5D9E-922F-CFBF-73AC-745B57BACEDD}.Debug|Any CPU.Build.0 = Debug|Any CPU
		{C77E5D9E-922F-CFBF-73AC-745B57BACEDD}.Release|Any CPU.ActiveCfg = Release|Any CPU
		{C77E5D9E-922F-CFBF-73AC-745B57BACEDD}.Release|Any CPU.Build.0 = Release|Any CPU
		{45D5F587-AB35-5249-7276-E0444DE73CDF}.Debug|Any CPU.ActiveCfg = Debug|Any CPU
		{45D5F587-AB35-5249-7276-E0444DE73CDF}.Debug|Any CPU.Build.0 = Debug|Any CPU
		{45D5F587-AB35-5249-7276-E0444DE73CDF}.Release|Any CPU.ActiveCfg = Release|Any CPU
		{45D5F587-AB35-5249-7276-E0444DE73CDF}.Release|Any CPU.Build.0 = Release|Any CPU
	EndGlobalSection
	GlobalSection(SolutionProperties) = preSolution
		HideSolutionNode = FALSE
	EndGlobalSection
	GlobalSection(NestedProjects) = preSolution
		{B7BFEB8C-F0B4-43CD-83A7-754F9A0F00DE} = {2BC01492-AC0D-45E8-831C-3D47FD853532}
		{75213C3F-6261-4890-8A3B-C4AA7DA6F4A3} = {B7BFEB8C-F0B4-43CD-83A7-754F9A0F00DE}
		{BD3F1505-8C94-4926-9F88-B0B76F12F0D2} = {B7BFEB8C-F0B4-43CD-83A7-754F9A0F00DE}
		{0AD80197-F6DA-45CD-B112-86D1FAD25C5B} = {B7BFEB8C-F0B4-43CD-83A7-754F9A0F00DE}
		{43D60451-0D11-429F-A4A9-8F529E4230BD} = {B7BFEB8C-F0B4-43CD-83A7-754F9A0F00DE}
		{6286E979-67F7-40B5-9083-EDB29E17EB14} = {2BC01492-AC0D-45E8-831C-3D47FD853532}
		{D561A620-BF15-465A-B5E0-353552878EAB} = {2BC01492-AC0D-45E8-831C-3D47FD853532}
		{ED3C3A3B-1AC9-47A9-BED6-B5F53C466B60} = {2BC01492-AC0D-45E8-831C-3D47FD853532}
		{46F7FBA2-1D08-48DE-9748-DCB682A33672} = {2BC01492-AC0D-45E8-831C-3D47FD853532}
		{4EFD879D-9C16-487D-A052-AF4C7D6DF415} = {E22A7C6E-3B3B-4B58-94B7-29E6AF5D5C19}
		{52E0A3AB-8AD8-4B90-A592-D21E1E18A1E2} = {E22A7C6E-3B3B-4B58-94B7-29E6AF5D5C19}
		{25C3E3B1-D3DB-40DD-BC4D-B79FEA97FB4F} = {E22A7C6E-3B3B-4B58-94B7-29E6AF5D5C19}
		{352FBA30-D83C-40E3-8061-A1966F1CE5A8} = {E22A7C6E-3B3B-4B58-94B7-29E6AF5D5C19}
		{4D5ECF6B-548A-406A-B5AE-2D32A0DED883} = {2BC01492-AC0D-45E8-831C-3D47FD853532}
		{45B1ABF7-D1A8-2112-61F9-2ECA59A87C76} = {2BC01492-AC0D-45E8-831C-3D47FD853532}
		{D38370A7-FA76-C66B-2F62-BE1B15AD5339} = {6286E979-67F7-40B5-9083-EDB29E17EB14}
		{EFE10BCA-B3CE-83CE-0E9D-8F5F8165A09C} = {6286E979-67F7-40B5-9083-EDB29E17EB14}
		{35580080-E811-5A8D-584E-FF2A82152FE6} = {6286E979-67F7-40B5-9083-EDB29E17EB14}
		{989FE996-C41F-ECE5-4B71-1C2AF8D693E3} = {6286E979-67F7-40B5-9083-EDB29E17EB14}
		{BF800FE8-7A6C-C88E-765D-101529E563D5} = {6286E979-67F7-40B5-9083-EDB29E17EB14}
		{9C5ACC9A-80B4-4023-FE81-E02E5E06F896} = {6286E979-67F7-40B5-9083-EDB29E17EB14}
		{6DC24955-1D5C-52C7-0C1F-68163BB72F3D} = {6286E979-67F7-40B5-9083-EDB29E17EB14}
		{37C4DCA9-079F-D04D-3279-7268C43C8D8E} = {6286E979-67F7-40B5-9083-EDB29E17EB14}
		{4596F1A5-0214-72D4-F532-D5EFF0DCD6D5} = {6286E979-67F7-40B5-9083-EDB29E17EB14}
		{88F8BCEC-68FA-F67B-890E-DCC79F737303} = {6286E979-67F7-40B5-9083-EDB29E17EB14}
		{B0426C25-E147-D806-9A6C-3322E4966E68} = {6286E979-67F7-40B5-9083-EDB29E17EB14}
		{7D55B759-2716-4135-59ED-B90FB4086948} = {6286E979-67F7-40B5-9083-EDB29E17EB14}
		{FCF645DF-81F5-4336-5C1F-D5506B46F316} = {6286E979-67F7-40B5-9083-EDB29E17EB14}
		{F947A8C0-4357-C418-F3C8-9717328F01B7} = {6286E979-67F7-40B5-9083-EDB29E17EB14}
		{0AB0F671-179E-B6F2-364F-BD332BAC264C} = {6286E979-67F7-40B5-9083-EDB29E17EB14}
		{301B9D6B-896B-16E9-5E46-2E766B910910} = {6286E979-67F7-40B5-9083-EDB29E17EB14}
		{C77E5D9E-922F-CFBF-73AC-745B57BACEDD} = {6286E979-67F7-40B5-9083-EDB29E17EB14}
		{45D5F587-AB35-5249-7276-E0444DE73CDF} = {6286E979-67F7-40B5-9083-EDB29E17EB14}
	EndGlobalSection
	GlobalSection(ExtensibilityGlobals) = postSolution
		SolutionGuid = {C21939A9-3AD0-4454-899F-30A4BBCE6FC5}
	EndGlobalSection
EndGlobal
