
Microsoft Visual Studio Solution File, Format Version 12.00
# Visual Studio Version 17
VisualStudioVersion = 17.0.31912.275
MinimumVisualStudioVersion = 10.0.40219.1
Project("{FAE04EC0-301F-11D3-BF4B-00C04F79EFBC}") = "RhSensoERP.Core", "src\Core\RhSensoERP.Core.csproj", "{C4478055-58F7-4519-96C6-8F7F9E2690E1}"
EndProject
Project("{FAE04EC0-301F-11D3-BF4B-00C04F79EFBC}") = "RhSensoERP.Application", "src\Application\RhSensoERP.Application.csproj", "{4BE8A84E-D5BC-4520-BA77-8D57FA0AC4A1}"
EndProject
Project("{FAE04EC0-301F-11D3-BF4B-00C04F79EFBC}") = "RhSensoERP.Infrastructure", "src\Infrastructure\RhSensoERP.Infrastructure.csproj", "{69B7FEE7-697B-4AED-9618-15471C93A75B}"
EndProject
Project("{FAE04EC0-301F-11D3-BF4B-00C04F79EFBC}") = "RhSensoERP.API", "src\API\RhSensoERP.API.csproj", "{0134DF83-1BAA-4375-8CB8-E4EB06BB8FA1}"
EndProject
Project("{2150E333-8FDC-42A3-9474-1A3956D46DE8}") = "Modules", "Modules", "{02EA681E-C7D8-13C7-8484-4AC65E1B71E8}"
EndProject
Project("{2150E333-8FDC-42A3-9474-1A3956D46DE8}") = "Tests", "Tests", "{9E518064-21DA-49E8-A231-235D8D0F975F}"
EndProject
Project("{FAE04EC0-301F-11D3-BF4B-00C04F79EFBC}") = "RhSensoERP.Tests.Unit", "Tests\RhSensoERP.Tests.Unit\RhSensoERP.Tests.Unit.csproj", "{CF0AAE2A-02FF-4C22-BF22-4B7C86160091}"
EndProject
Global
	GlobalSection(SolutionConfigurationPlatforms) = preSolution
		Debug|Any CPU = Debug|Any CPU
		Debug|x64 = Debug|x64
		Debug|x86 = Debug|x86
		Release|Any CPU = Release|Any CPU
		Release|x64 = Release|x64
		Release|x86 = Release|x86
	EndGlobalSection
	GlobalSection(ProjectConfigurationPlatforms) = postSolution
		{C4478055-58F7-4519-96C6-8F7F9E2690E1}.Debug|Any CPU.ActiveCfg = Debug|Any CPU
		{C4478055-58F7-4519-96C6-8F7F9E2690E1}.Debug|Any CPU.Build.0 = Debug|Any CPU
		{C4478055-58F7-4519-96C6-8F7F9E2690E1}.Debug|x64.ActiveCfg = Debug|Any CPU
		{C4478055-58F7-4519-96C6-8F7F9E2690E1}.Debug|x64.Build.0 = Debug|Any CPU
		{C4478055-58F7-4519-96C6-8F7F9E2690E1}.Debug|x86.ActiveCfg = Debug|Any CPU
		{C4478055-58F7-4519-96C6-8F7F9E2690E1}.Debug|x86.Build.0 = Debug|Any CPU
		{C4478055-58F7-4519-96C6-8F7F9E2690E1}.Release|Any CPU.ActiveCfg = Release|Any CPU
		{C4478055-58F7-4519-96C6-8F7F9E2690E1}.Release|Any CPU.Build.0 = Release|Any CPU
		{C4478055-58F7-4519-96C6-8F7F9E2690E1}.Release|x64.ActiveCfg = Release|Any CPU
		{C4478055-58F7-4519-96C6-8F7F9E2690E1}.Release|x64.Build.0 = Release|Any CPU
		{C4478055-58F7-4519-96C6-8F7F9E2690E1}.Release|x86.ActiveCfg = Release|Any CPU
		{C4478055-58F7-4519-96C6-8F7F9E2690E1}.Release|x86.Build.0 = Release|Any CPU
		{4BE8A84E-D5BC-4520-BA77-8D57FA0AC4A1}.Debug|Any CPU.ActiveCfg = Debug|Any CPU
		{4BE8A84E-D5BC-4520-BA77-8D57FA0AC4A1}.Debug|Any CPU.Build.0 = Debug|Any CPU
		{4BE8A84E-D5BC-4520-BA77-8D57FA0AC4A1}.Debug|x64.ActiveCfg = Debug|Any CPU
		{4BE8A84E-D5BC-4520-BA77-8D57FA0AC4A1}.Debug|x64.Build.0 = Debug|Any CPU
		{4BE8A84E-D5BC-4520-BA77-8D57FA0AC4A1}.Debug|x86.ActiveCfg = Debug|Any CPU
		{4BE8A84E-D5BC-4520-BA77-8D57FA0AC4A1}.Debug|x86.Build.0 = Debug|Any CPU
		{4BE8A84E-D5BC-4520-BA77-8D57FA0AC4A1}.Release|Any CPU.ActiveCfg = Release|Any CPU
		{4BE8A84E-D5BC-4520-BA77-8D57FA0AC4A1}.Release|Any CPU.Build.0 = Release|Any CPU
		{4BE8A84E-D5BC-4520-BA77-8D57FA0AC4A1}.Release|x64.ActiveCfg = Release|Any CPU
		{4BE8A84E-D5BC-4520-BA77-8D57FA0AC4A1}.Release|x64.Build.0 = Release|Any CPU
		{4BE8A84E-D5BC-4520-BA77-8D57FA0AC4A1}.Release|x86.ActiveCfg = Release|Any CPU
		{4BE8A84E-D5BC-4520-BA77-8D57FA0AC4A1}.Release|x86.Build.0 = Release|Any CPU
		{69B7FEE7-697B-4AED-9618-15471C93A75B}.Debug|Any CPU.ActiveCfg = Debug|Any CPU
		{69B7FEE7-697B-4AED-9618-15471C93A75B}.Debug|Any CPU.Build.0 = Debug|Any CPU
		{69B7FEE7-697B-4AED-9618-15471C93A75B}.Debug|x64.ActiveCfg = Debug|Any CPU
		{69B7FEE7-697B-4AED-9618-15471C93A75B}.Debug|x64.Build.0 = Debug|Any CPU
		{69B7FEE7-697B-4AED-9618-15471C93A75B}.Debug|x86.ActiveCfg = Debug|Any CPU
		{69B7FEE7-697B-4AED-9618-15471C93A75B}.Debug|x86.Build.0 = Debug|Any CPU
		{69B7FEE7-697B-4AED-9618-15471C93A75B}.Release|Any CPU.ActiveCfg = Release|Any CPU
		{69B7FEE7-697B-4AED-9618-15471C93A75B}.Release|Any CPU.Build.0 = Release|Any CPU
		{69B7FEE7-697B-4AED-9618-15471C93A75B}.Release|x64.ActiveCfg = Release|Any CPU
		{69B7FEE7-697B-4AED-9618-15471C93A75B}.Release|x64.Build.0 = Release|Any CPU
		{69B7FEE7-697B-4AED-9618-15471C93A75B}.Release|x86.ActiveCfg = Release|Any CPU
		{69B7FEE7-697B-4AED-9618-15471C93A75B}.Release|x86.Build.0 = Release|Any CPU
		{0134DF83-1BAA-4375-8CB8-E4EB06BB8FA1}.Debug|Any CPU.ActiveCfg = Debug|Any CPU
		{0134DF83-1BAA-4375-8CB8-E4EB06BB8FA1}.Debug|Any CPU.Build.0 = Debug|Any CPU
		{0134DF83-1BAA-4375-8CB8-E4EB06BB8FA1}.Debug|x64.ActiveCfg = Debug|Any CPU
		{0134DF83-1BAA-4375-8CB8-E4EB06BB8FA1}.Debug|x64.Build.0 = Debug|Any CPU
		{0134DF83-1BAA-4375-8CB8-E4EB06BB8FA1}.Debug|x86.ActiveCfg = Debug|Any CPU
		{0134DF83-1BAA-4375-8CB8-E4EB06BB8FA1}.Debug|x86.Build.0 = Debug|Any CPU
		{0134DF83-1BAA-4375-8CB8-E4EB06BB8FA1}.Release|Any CPU.ActiveCfg = Release|Any CPU
		{0134DF83-1BAA-4375-8CB8-E4EB06BB8FA1}.Release|Any CPU.Build.0 = Release|Any CPU
		{0134DF83-1BAA-4375-8CB8-E4EB06BB8FA1}.Release|x64.ActiveCfg = Release|Any CPU
		{0134DF83-1BAA-4375-8CB8-E4EB06BB8FA1}.Release|x64.Build.0 = Release|Any CPU
		{0134DF83-1BAA-4375-8CB8-E4EB06BB8FA1}.Release|x86.ActiveCfg = Release|Any CPU
		{0134DF83-1BAA-4375-8CB8-E4EB06BB8FA1}.Release|x86.Build.0 = Release|Any CPU
		{CF0AAE2A-02FF-4C22-BF22-4B7C86160091}.Debug|Any CPU.ActiveCfg = Debug|Any CPU
		{CF0AAE2A-02FF-4C22-BF22-4B7C86160091}.Debug|Any CPU.Build.0 = Debug|Any CPU
		{CF0AAE2A-02FF-4C22-BF22-4B7C86160091}.Debug|x64.ActiveCfg = Debug|Any CPU
		{CF0AAE2A-02FF-4C22-BF22-4B7C86160091}.Debug|x64.Build.0 = Debug|Any CPU
		{CF0AAE2A-02FF-4C22-BF22-4B7C86160091}.Debug|x86.ActiveCfg = Debug|Any CPU
		{CF0AAE2A-02FF-4C22-BF22-4B7C86160091}.Debug|x86.Build.0 = Debug|Any CPU
		{CF0AAE2A-02FF-4C22-BF22-4B7C86160091}.Release|Any CPU.ActiveCfg = Release|Any CPU
		{CF0AAE2A-02FF-4C22-BF22-4B7C86160091}.Release|Any CPU.Build.0 = Release|Any CPU
		{CF0AAE2A-02FF-4C22-BF22-4B7C86160091}.Release|x64.ActiveCfg = Release|Any CPU
		{CF0AAE2A-02FF-4C22-BF22-4B7C86160091}.Release|x64.Build.0 = Release|Any CPU
		{CF0AAE2A-02FF-4C22-BF22-4B7C86160091}.Release|x86.ActiveCfg = Release|Any CPU
		{CF0AAE2A-02FF-4C22-BF22-4B7C86160091}.Release|x86.Build.0 = Release|Any CPU
	EndGlobalSection
	GlobalSection(SolutionProperties) = preSolution
		HideSolutionNode = FALSE
	EndGlobalSection
	GlobalSection(NestedProjects) = preSolution
		{CF0AAE2A-02FF-4C22-BF22-4B7C86160091} = {9E518064-21DA-49E8-A231-235D8D0F975F}
	EndGlobalSection
	GlobalSection(ExtensibilityGlobals) = postSolution
		SolutionGuid = {2C65D1B3-77A9-4229-8846-07D5284AACED}
	EndGlobalSection
EndGlobal
